// !$*UTF8*$!
{
	archiveVersion = 1;
	classes = {
	};
	objectVersion = 56;
	objects = {

/* Begin PBXBuildFile section */
		6669B9242CA975E800F4EE94 /* presentMeExmApp.swift in Sources */ = {isa = PBXBuildFile; fileRef = 6669B9232CA975E800F4EE94 /* presentMeExmApp.swift */; };
		6669B9262CA975E800F4EE94 /* ContentView.swift in Sources */ = {isa = PBXBuildFile; fileRef = 6669B9252CA975E800F4EE94 /* ContentView.swift */; };
		6669B9282CA975E900F4EE94 /* Assets.xcassets in Resources */ = {isa = PBXBuildFile; fileRef = 6669B9272CA975E900F4EE94 /* Assets.xcassets */; };
		6669B92B2CA975E900F4EE94 /* Preview Assets.xcassets in Resources */ = {isa = PBXBuildFile; fileRef = 6669B92A2CA975E900F4EE94 /* Preview Assets.xcassets */; };
		6669B9352CA975E900F4EE94 /* presentMeExmTests.swift in Sources */ = {isa = PBXBuildFile; fileRef = 6669B9342CA975E900F4EE94 /* presentMeExmTests.swift */; };
		6669B93F2CA975E900F4EE94 /* presentMeExmUITests.swift in Sources */ = {isa = PBXBuildFile; fileRef = 6669B93E2CA975E900F4EE94 /* presentMeExmUITests.swift */; };
		6669B9412CA975E900F4EE94 /* presentMeExmUITestsLaunchTests.swift in Sources */ = {isa = PBXBuildFile; fileRef = 6669B9402CA975E900F4EE94 /* presentMeExmUITestsLaunchTests.swift */; };
/* End PBXBuildFile section */

/* Begin PBXContainerItemProxy section */
		6669B9312CA975E900F4EE94 /* PBXContainerItemProxy */ = {
			isa = PBXContainerItemProxy;
			containerPortal = 6669B9182CA975E800F4EE94 /* Project object */;
			proxyType = 1;
			remoteGlobalIDString = 6669B91F2CA975E800F4EE94;
			remoteInfo = presentMeExm;
		};
		6669B93B2CA975E900F4EE94 /* PBXContainerItemProxy */ = {
			isa = PBXContainerItemProxy;
			containerPortal = 6669B9182CA975E800F4EE94 /* Project object */;
			proxyType = 1;
			remoteGlobalIDString = 6669B91F2CA975E800F4EE94;
			remoteInfo = presentMeExm;
		};
/* End PBXContainerItemProxy section */

/* Begin PBXFileReference section */
		6669B9202CA975E800F4EE94 /* presentMeExm.app */ = {isa = PBXFileReference; explicitFileType = wrapper.application; includeInIndex = 0; path = presentMeExm.app; sourceTree = BUILT_PRODUCTS_DIR; };
		6669B9232CA975E800F4EE94 /* presentMeExmApp.swift */ = {isa = PBXFileReference; lastKnownFileType = sourcecode.swift; path = presentMeExmApp.swift; sourceTree = "<group>"; };
		6669B9252CA975E800F4EE94 /* ContentView.swift */ = {isa = PBXFileReference; lastKnownFileType = sourcecode.swift; path = ContentView.swift; sourceTree = "<group>"; };
		6669B9272CA975E900F4EE94 /* Assets.xcassets */ = {isa = PBXFileReference; lastKnownFileType = folder.assetcatalog; path = Assets.xcassets; sourceTree = "<group>"; };
		6669B92A2CA975E900F4EE94 /* Preview Assets.xcassets */ = {isa = PBXFileReference; lastKnownFileType = folder.assetcatalog; path = "Preview Assets.xcassets"; sourceTree = "<group>"; };
		6669B9302CA975E900F4EE94 /* presentMeExmTests.xctest */ = {isa = PBXFileReference; explicitFileType = wrapper.cfbundle; includeInIndex = 0; path = presentMeExmTests.xctest; sourceTree = BUILT_PRODUCTS_DIR; };
		6669B9342CA975E900F4EE94 /* presentMeExmTests.swift */ = {isa = PBXFileReference; lastKnownFileType = sourcecode.swift; path = presentMeExmTests.swift; sourceTree = "<group>"; };
		6669B93A2CA975E900F4EE94 /* presentMeExmUITests.xctest */ = {isa = PBXFileReference; explicitFileType = wrapper.cfbundle; includeInIndex = 0; path = presentMeExmUITests.xctest; sourceTree = BUILT_PRODUCTS_DIR; };
		6669B93E2CA975E900F4EE94 /* presentMeExmUITests.swift */ = {isa = PBXFileReference; lastKnownFileType = sourcecode.swift; path = presentMeExmUITests.swift; sourceTree = "<group>"; };
		6669B9402CA975E900F4EE94 /* presentMeExmUITestsLaunchTests.swift */ = {isa = PBXFileReference; lastKnownFileType = sourcecode.swift; path = presentMeExmUITestsLaunchTests.swift; sourceTree = "<group>"; };
/* End PBXFileReference section */

/* Begin PBXFrameworksBuildPhase section */
		6669B91D2CA975E800F4EE94 /* Frameworks */ = {
			isa = PBXFrameworksBuildPhase;
			buildActionMask = 2147483647;
			files = (
			);
			runOnlyForDeploymentPostprocessing = 0;
		};
		6669B92D2CA975E900F4EE94 /* Frameworks */ = {
			isa = PBXFrameworksBuildPhase;
			buildActionMask = 2147483647;
			files = (
			);
			runOnlyForDeploymentPostprocessing = 0;
		};
		6669B9372CA975E900F4EE94 /* Frameworks */ = {
			isa = PBXFrameworksBuildPhase;
			buildActionMask = 2147483647;
			files = (
			);
			runOnlyForDeploymentPostprocessing = 0;
		};
/* End PBXFrameworksBuildPhase section */

/* Begin PBXGroup section */
		6669B9172CA975E800F4EE94 = {
			isa = PBXGroup;
			children = (
				6669B9222CA975E800F4EE94 /* presentMeExm */,
				6669B9332CA975E900F4EE94 /* presentMeExmTests */,
				6669B93D2CA975E900F4EE94 /* presentMeExmUITests */,
				6669B9212CA975E800F4EE94 /* Products */,
			);
			sourceTree = "<group>";
		};
		6669B9212CA975E800F4EE94 /* Products */ = {
			isa = PBXGroup;
			children = (
				6669B9202CA975E800F4EE94 /* presentMeExm.app */,
				6669B9302CA975E900F4EE94 /* presentMeExmTests.xctest */,
				6669B93A2CA975E900F4EE94 /* presentMeExmUITests.xctest */,
			);
			name = Products;
			sourceTree = "<group>";
		};
		6669B9222CA975E800F4EE94 /* presentMeExm */ = {
			isa = PBXGroup;
			children = (
				6669B9232CA975E800F4EE94 /* presentMeExmApp.swift */,
				6669B9252CA975E800F4EE94 /* ContentView.swift */,
				6669B9272CA975E900F4EE94 /* Assets.xcassets */,
				6669B9292CA975E900F4EE94 /* Preview Content */,
			);
			path = presentMeExm;
			sourceTree = "<group>";
		};
		6669B9292CA975E900F4EE94 /* Preview Content */ = {
			isa = PBXGroup;
			children = (
				6669B92A2CA975E900F4EE94 /* Preview Assets.xcassets */,
			);
			path = "Preview Content";
			sourceTree = "<group>";
		};
		6669B9332CA975E900F4EE94 /* presentMeExmTests */ = {
			isa = PBXGroup;
			children = (
				6669B9342CA975E900F4EE94 /* presentMeExmTests.swift */,
			);
			path = presentMeExmTests;
			sourceTree = "<group>";
		};
		6669B93D2CA975E900F4EE94 /* presentMeExmUITests */ = {
			isa = PBXGroup;
			children = (
				6669B93E2CA975E900F4EE94 /* presentMeExmUITests.swift */,
				6669B9402CA975E900F4EE94 /* presentMeExmUITestsLaunchTests.swift */,
			);
			path = presentMeExmUITests;
			sourceTree = "<group>";
		};
/* End PBXGroup section */

/* Begin PBXNativeTarget section */
		6669B91F2CA975E800F4EE94 /* presentMeExm */ = {
			isa = PBXNativeTarget;
			buildConfigurationList = 6669B9442CA975E900F4EE94 /* Build configuration list for PBXNativeTarget "presentMeExm" */;
			buildPhases = (
				6669B91C2CA975E800F4EE94 /* Sources */,
				6669B91D2CA975E800F4EE94 /* Frameworks */,
				6669B91E2CA975E800F4EE94 /* Resources */,
			);
			buildRules = (
			);
			dependencies = (
			);
			name = presentMeExm;
			productName = presentMeExm;
			productReference = 6669B9202CA975E800F4EE94 /* presentMeExm.app */;
			productType = "com.apple.product-type.application";
		};
		6669B92F2CA975E900F4EE94 /* presentMeExmTests */ = {
			isa = PBXNativeTarget;
			buildConfigurationList = 6669B9472CA975E900F4EE94 /* Build configuration list for PBXNativeTarget "presentMeExmTests" */;
			buildPhases = (
				6669B92C2CA975E900F4EE94 /* Sources */,
				6669B92D2CA975E900F4EE94 /* Frameworks */,
				6669B92E2CA975E900F4EE94 /* Resources */,
			);
			buildRules = (
			);
			dependencies = (
				6669B9322CA975E900F4EE94 /* PBXTargetDependency */,
			);
			name = presentMeExmTests;
			productName = presentMeExmTests;
			productReference = 6669B9302CA975E900F4EE94 /* presentMeExmTests.xctest */;
			productType = "com.apple.product-type.bundle.unit-test";
		};
		6669B9392CA975E900F4EE94 /* presentMeExmUITests */ = {
			isa = PBXNativeTarget;
			buildConfigurationList = 6669B94A2CA975E900F4EE94 /* Build configuration list for PBXNativeTarget "presentMeExmUITests" */;
			buildPhases = (
				6669B9362CA975E900F4EE94 /* Sources */,
				6669B9372CA975E900F4EE94 /* Frameworks */,
				6669B9382CA975E900F4EE94 /* Resources */,
			);
			buildRules = (
			);
			dependencies = (
				6669B93C2CA975E900F4EE94 /* PBXTargetDependency */,
			);
			name = presentMeExmUITests;
			productName = presentMeExmUITests;
			productReference = 6669B93A2CA975E900F4EE94 /* presentMeExmUITests.xctest */;
			productType = "com.apple.product-type.bundle.ui-testing";
		};
/* End PBXNativeTarget section */

/* Begin PBXProject section */
		6669B9182CA975E800F4EE94 /* Project object */ = {
			isa = PBXProject;
			attributes = {
				BuildIndependentTargetsInParallel = 1;
				LastSwiftUpdateCheck = 1540;
				LastUpgradeCheck = 1540;
				TargetAttributes = {
					6669B91F2CA975E800F4EE94 = {
						CreatedOnToolsVersion = 15.4;
					};
					6669B92F2CA975E900F4EE94 = {
						CreatedOnToolsVersion = 15.4;
						TestTargetID = 6669B91F2CA975E800F4EE94;
					};
					6669B9392CA975E900F4EE94 = {
						CreatedOnToolsVersion = 15.4;
						TestTargetID = 6669B91F2CA975E800F4EE94;
					};
				};
			};
			buildConfigurationList = 6669B91B2CA975E800F4EE94 /* Build configuration list for PBXProject "presentMeExm" */;
			compatibilityVersion = "Xcode 14.0";
			developmentRegion = en;
			hasScannedForEncodings = 0;
			knownRegions = (
				en,
				Base,
			);
			mainGroup = 6669B9172CA975E800F4EE94;
			productRefGroup = 6669B9212CA975E800F4EE94 /* Products */;
			projectDirPath = "";
			projectRoot = "";
			targets = (
				6669B91F2CA975E800F4EE94 /* presentMeExm */,
				6669B92F2CA975E900F4EE94 /* presentMeExmTests */,
				6669B9392CA975E900F4EE94 /* presentMeExmUITests */,
			);
		};
/* End PBXProject section */

/* Begin PBXResourcesBuildPhase section */
		6669B91E2CA975E800F4EE94 /* Resources */ = {
			isa = PBXResourcesBuildPhase;
			buildActionMask = 2147483647;
			files = (
				6669B92B2CA975E900F4EE94 /* Preview Assets.xcassets in Resources */,
				6669B9282CA975E900F4EE94 /* Assets.xcassets in Resources */,
			);
			runOnlyForDeploymentPostprocessing = 0;
		};
		6669B92E2CA975E900F4EE94 /* Resources */ = {
			isa = PBXResourcesBuildPhase;
			buildActionMask = 2147483647;
			files = (
			);
			runOnlyForDeploymentPostprocessing = 0;
		};
		6669B9382CA975E900F4EE94 /* Resources */ = {
			isa = PBXResourcesBuildPhase;
			buildActionMask = 2147483647;
			files = (
			);
			runOnlyForDeploymentPostprocessing = 0;
		};
/* End PBXResourcesBuildPhase section */

/* Begin PBXSourcesBuildPhase section */
		6669B91C2CA975E800F4EE94 /* Sources */ = {
			isa = PBXSourcesBuildPhase;
			buildActionMask = 2147483647;
			files = (
				6669B9262CA975E800F4EE94 /* ContentView.swift in Sources */,
				6669B9242CA975E800F4EE94 /* presentMeExmApp.swift in Sources */,
			);
			runOnlyForDeploymentPostprocessing = 0;
		};
		6669B92C2CA975E900F4EE94 /* Sources */ = {
			isa = PBXSourcesBuildPhase;
			buildActionMask = 2147483647;
			files = (
				6669B9352CA975E900F4EE94 /* presentMeExmTests.swift in Sources */,
			);
			runOnlyForDeploymentPostprocessing = 0;
		};
		6669B9362CA975E900F4EE94 /* Sources */ = {
			isa = PBXSourcesBuildPhase;
			buildActionMask = 2147483647;
			files = (
				6669B93F2CA975E900F4EE94 /* presentMeExmUITests.swift in Sources */,
				6669B9412CA975E900F4EE94 /* presentMeExmUITestsLaunchTests.swift in Sources */,
			);
			runOnlyForDeploymentPostprocessing = 0;
		};
/* End PBXSourcesBuildPhase section */

/* Begin PBXTargetDependency section */
		6669B9322CA975E900F4EE94 /* PBXTargetDependency */ = {
			isa = PBXTargetDependency;
			target = 6669B91F2CA975E800F4EE94 /* presentMeExm */;
			targetProxy = 6669B9312CA975E900F4EE94 /* PBXContainerItemProxy */;
		};
		6669B93C2CA975E900F4EE94 /* PBXTargetDependency */ = {
			isa = PBXTargetDependency;
			target = 6669B91F2CA975E800F4EE94 /* presentMeExm */;
			targetProxy = 6669B93B2CA975E900F4EE94 /* PBXContainerItemProxy */;
		};
/* End PBXTargetDependency section */

/* Begin XCBuildConfiguration section */
		6669B9422CA975E900F4EE94 /* Debug */ = {
			isa = XCBuildConfiguration;
			buildSettings = {
				ALWAYS_SEARCH_USER_PATHS = NO;
				ASSETCATALOG_COMPILER_GENERATE_SWIFT_ASSET_SYMBOL_EXTENSIONS = YES;
				CLANG_ANALYZER_NONNULL = YES;
				CLANG_ANALYZER_NUMBER_OBJECT_CONVERSION = YES_AGGRESSIVE;
				CLANG_CXX_LANGUAGE_STANDARD = "gnu++20";
				CLANG_ENABLE_MODULES = YES;
				CLANG_ENABLE_OBJC_ARC = YES;
				CLANG_ENABLE_OBJC_WEAK = YES;
				CLANG_WARN_BLOCK_CAPTURE_AUTORELEASING = YES;
				CLANG_WARN_BOOL_CONVERSION = YES;
				CLANG_WARN_COMMA = YES;
				CLANG_WARN_CONSTANT_CONVERSION = YES;
				CLANG_WARN_DEPRECATED_OBJC_IMPLEMENTATIONS = YES;
				CLANG_WARN_DIRECT_OBJC_ISA_USAGE = YES_ERROR;
				CLANG_WARN_DOCUMENTATION_COMMENTS = YES;
				CLANG_WARN_EMPTY_BODY = YES;
				CLANG_WARN_ENUM_CONVERSION = YES;
				CLANG_WARN_INFINITE_RECURSION = YES;
				CLANG_WARN_INT_CONVERSION = YES;
				CLANG_WARN_NON_LITERAL_NULL_CONVERSION = YES;
				CLANG_WARN_OBJC_IMPLICIT_RETAIN_SELF = YES;
				CLANG_WARN_OBJC_LITERAL_CONVERSION = YES;
				CLANG_WARN_OBJC_ROOT_CLASS = YES_ERROR;
				CLANG_WARN_QUOTED_INCLUDE_IN_FRAMEWORK_HEADER = YES;
				CLANG_WARN_RANGE_LOOP_ANALYSIS = YES;
				CLANG_WARN_STRICT_PROTOTYPES = YES;
				CLANG_WARN_SUSPICIOUS_MOVE = YES;
				CLANG_WARN_UNGUARDED_AVAILABILITY = YES_AGGRESSIVE;
				CLANG_WARN_UNREACHABLE_CODE = YES;
				CLANG_WARN__DUPLICATE_METHOD_MATCH = YES;
				COPY_PHASE_STRIP = NO;
				DEBUG_INFORMATION_FORMAT = dwarf;
				ENABLE_STRICT_OBJC_MSGSEND = YES;
				ENABLE_TESTABILITY = YES;
				ENABLE_USER_SCRIPT_SANDBOXING = YES;
				GCC_C_LANGUAGE_STANDARD = gnu17;
				GCC_DYNAMIC_NO_PIC = NO;
				GCC_NO_COMMON_BLOCKS = YES;
				GCC_OPTIMIZATION_LEVEL = 0;
				GCC_PREPROCESSOR_DEFINITIONS = (
					"DEBUG=1",
					"$(inherited)",
				);
				GCC_WARN_64_TO_32_BIT_CONVERSION = YES;
				GCC_WARN_ABOUT_RETURN_TYPE = YES_ERROR;
				GCC_WARN_UNDECLARED_SELECTOR = YES;
				GCC_WARN_UNINITIALIZED_AUTOS = YES_AGGRESSIVE;
				GCC_WARN_UNUSED_FUNCTION = YES;
				GCC_WARN_UNUSED_VARIABLE = YES;
				IPHONEOS_DEPLOYMENT_TARGET = 17.5;
				LOCALIZATION_PREFERS_STRING_CATALOGS = YES;
				MTL_ENABLE_DEBUG_INFO = INCLUDE_SOURCE;
				MTL_FAST_MATH = YES;
				ONLY_ACTIVE_ARCH = YES;
				SDKROOT = iphoneos;
				SWIFT_ACTIVE_COMPILATION_CONDITIONS = "DEBUG $(inherited)";
				SWIFT_OPTIMIZATION_LEVEL = "-Onone";
			};
			name = Debug;
		};
		6669B9432CA975E900F4EE94 /* Release */ = {
			isa = XCBuildConfiguration;
			buildSettings = {
				ALWAYS_SEARCH_USER_PATHS = NO;
				ASSETCATALOG_COMPILER_GENERATE_SWIFT_ASSET_SYMBOL_EXTENSIONS = YES;
				CLANG_ANALYZER_NONNULL = YES;
				CLANG_ANALYZER_NUMBER_OBJECT_CONVERSION = YES_AGGRESSIVE;
				CLANG_CXX_LANGUAGE_STANDARD = "gnu++20";
				CLANG_ENABLE_MODULES = YES;
				CLANG_ENABLE_OBJC_ARC = YES;
				CLANG_ENABLE_OBJC_WEAK = YES;
				CLANG_WARN_BLOCK_CAPTURE_AUTORELEASING = YES;
				CLANG_WARN_BOOL_CONVERSION = YES;
				CLANG_WARN_COMMA = YES;
				CLANG_WARN_CONSTANT_CONVERSION = YES;
				CLANG_WARN_DEPRECATED_OBJC_IMPLEMENTATIONS = YES;
				CLANG_WARN_DIRECT_OBJC_ISA_USAGE = YES_ERROR;
				CLANG_WARN_DOCUMENTATION_COMMENTS = YES;
				CLANG_WARN_EMPTY_BODY = YES;
				CLANG_WARN_ENUM_CONVERSION = YES;
				CLANG_WARN_INFINITE_RECURSION = YES;
				CLANG_WARN_INT_CONVERSION = YES;
				CLANG_WARN_NON_LITERAL_NULL_CONVERSION = YES;
				CLANG_WARN_OBJC_IMPLICIT_RETAIN_SELF = YES;
				CLANG_WARN_OBJC_LITERAL_CONVERSION = YES;
				CLANG_WARN_OBJC_ROOT_CLASS = YES_ERROR;
				CLANG_WARN_QUOTED_INCLUDE_IN_FRAMEWORK_HEADER = YES;
				CLANG_WARN_RANGE_LOOP_ANALYSIS = YES;
				CLANG_WARN_STRICT_PROTOTYPES = YES;
				CLANG_WARN_SUSPICIOUS_MOVE = YES;
				CLANG_WARN_UNGUARDED_AVAILABILITY = YES_AGGRESSIVE;
				CLANG_WARN_UNREACHABLE_CODE = YES;
				CLANG_WARN__DUPLICATE_METHOD_MATCH = YES;
				COPY_PHASE_STRIP = NO;
				DEBUG_INFORMATION_FORMAT = "dwarf-with-dsym";
				ENABLE_NS_ASSERTIONS = NO;
				ENABLE_STRICT_OBJC_MSGSEND = YES;
				ENABLE_USER_SCRIPT_SANDBOXING = YES;
				GCC_C_LANGUAGE_STANDARD = gnu17;
				GCC_NO_COMMON_BLOCKS = YES;
				GCC_WARN_64_TO_32_BIT_CONVERSION = YES;
				GCC_WARN_ABOUT_RETURN_TYPE = YES_ERROR;
				GCC_WARN_UNDECLARED_SELECTOR = YES;
				GCC_WARN_UNINITIALIZED_AUTOS = YES_AGGRESSIVE;
				GCC_WARN_UNUSED_FUNCTION = YES;
				GCC_WARN_UNUSED_VARIABLE = YES;
				IPHONEOS_DEPLOYMENT_TARGET = 17.5;
				LOCALIZATION_PREFERS_STRING_CATALOGS = YES;
				MTL_ENABLE_DEBUG_INFO = NO;
				MTL_FAST_MATH = YES;
				SDKROOT = iphoneos;
				SWIFT_COMPILATION_MODE = wholemodule;
				VALIDATE_PRODUCT = YES;
			};
			name = Release;
		};
		6669B9452CA975E900F4EE94 /* Debug */ = {
			isa = XCBuildConfiguration;
			buildSettings = {
				ASSETCATALOG_COMPILER_APPICON_NAME = AppIcon;
				ASSETCATALOG_COMPILER_GLOBAL_ACCENT_COLOR_NAME = AccentColor;
				CODE_SIGN_STYLE = Automatic;
				CURRENT_PROJECT_VERSION = 1;
				DEVELOPMENT_ASSET_PATHS = "\"presentMeExm/Preview Content\"";
				ENABLE_PREVIEWS = YES;
				GENERATE_INFOPLIST_FILE = YES;
				INFOPLIST_KEY_UIApplicationSceneManifest_Generation = YES;
				INFOPLIST_KEY_UIApplicationSupportsIndirectInputEvents = YES;
				INFOPLIST_KEY_UILaunchScreen_Generation = YES;
				INFOPLIST_KEY_UISupportedInterfaceOrientations_iPad = "UIInterfaceOrientationPortrait UIInterfaceOrientationPortraitUpsideDown UIInterfaceOrientationLandscapeLeft UIInterfaceOrientationLandscapeRight";
				INFOPLIST_KEY_UISupportedInterfaceOrientations_iPhone = "UIInterfaceOrientationPortrait UIInterfaceOrientationLandscapeLeft UIInterfaceOrientationLandscapeRight";
				LD_RUNPATH_SEARCH_PATHS = (
					"$(inherited)",
					"@executable_path/Frameworks",
				);
				MARKETING_VERSION = 1.0;
				PRODUCT_BUNDLE_IDENTIFIER = w.presentMeExm;
				PRODUCT_NAME = "$(TARGET_NAME)";
				SWIFT_EMIT_LOC_STRINGS = YES;
				SWIFT_VERSION = 5.0;
				TARGETED_DEVICE_FAMILY = "1,2";
			};
			name = Debug;
		};
		6669B9462CA975E900F4EE94 /* Release */ = {
			isa = XCBuildConfiguration;
			buildSettings = {
				ASSETCATALOG_COMPILER_APPICON_NAME = AppIcon;
				ASSETCATALOG_COMPILER_GLOBAL_ACCENT_COLOR_NAME = AccentColor;
				CODE_SIGN_STYLE = Automatic;
				CURRENT_PROJECT_VERSION = 1;
				DEVELOPMENT_ASSET_PATHS = "\"presentMeExm/Preview Content\"";
				ENABLE_PREVIEWS = YES;
				GENERATE_INFOPLIST_FILE = YES;
				INFOPLIST_KEY_UIApplicationSceneManifest_Generation = YES;
				INFOPLIST_KEY_UIApplicationSupportsIndirectInputEvents = YES;
				INFOPLIST_KEY_UILaunchScreen_Generation = YES;
				INFOPLIST_KEY_UISupportedInterfaceOrientations_iPad = "UIInterfaceOrientationPortrait UIInterfaceOrientationPortraitUpsideDown UIInterfaceOrientationLandscapeLeft UIInterfaceOrientationLandscapeRight";
				INFOPLIST_KEY_UISupportedInterfaceOrientations_iPhone = "UIInterfaceOrientationPortrait UIInterfaceOrientationLandscapeLeft UIInterfaceOrientationLandscapeRight";
				LD_RUNPATH_SEARCH_PATHS = (
					"$(inherited)",
					"@executable_path/Frameworks",
				);
				MARKETING_VERSION = 1.0;
				PRODUCT_BUNDLE_IDENTIFIER = w.presentMeExm;
				PRODUCT_NAME = "$(TARGET_NAME)";
				SWIFT_EMIT_LOC_STRINGS = YES;
				SWIFT_VERSION = 5.0;
				TARGETED_DEVICE_FAMILY = "1,2";
			};
			name = Release;
		};
		6669B9482CA975E900F4EE94 /* Debug */ = {
			isa = XCBuildConfiguration;
			buildSettings = {
				ALWAYS_EMBED_SWIFT_STANDARD_LIBRARIES = YES;
				BUNDLE_LOADER = "$(TEST_HOST)";
				CODE_SIGN_STYLE = Automatic;
				CURRENT_PROJECT_VERSION = 1;
				GENERATE_INFOPLIST_FILE = YES;
				IPHONEOS_DEPLOYMENT_TARGET = 17.5;
				MARKETING_VERSION = 1.0;
				PRODUCT_BUNDLE_IDENTIFIER = w.presentMeExmTests;
				PRODUCT_NAME = "$(TARGET_NAME)";
				SWIFT_EMIT_LOC_STRINGS = NO;
				SWIFT_VERSION = 5.0;
				TARGETED_DEVICE_FAMILY = "1,2";
				TEST_HOST = "$(BUILT_PRODUCTS_DIR)/presentMeExm.app/$(BUNDLE_EXECUTABLE_FOLDER_PATH)/presentMeExm";
			};
			name = Debug;
		};
		6669B9492CA975E900F4EE94 /* Release */ = {
			isa = XCBuildConfiguration;
			buildSettings = {
				ALWAYS_EMBED_SWIFT_STANDARD_LIBRARIES = YES;
				BUNDLE_LOADER = "$(TEST_HOST)";
				CODE_SIGN_STYLE = Automatic;
				CURRENT_PROJECT_VERSION = 1;
				GENERATE_INFOPLIST_FILE = YES;
				IPHONEOS_DEPLOYMENT_TARGET = 17.5;
				MARKETING_VERSION = 1.0;
				PRODUCT_BUNDLE_IDENTIFIER = w.presentMeExmTests;
				PRODUCT_NAME = "$(TARGET_NAME)";
				SWIFT_EMIT_LOC_STRINGS = NO;
				SWIFT_VERSION = 5.0;
				TARGETED_DEVICE_FAMILY = "1,2";
				TEST_HOST = "$(BUILT_PRODUCTS_DIR)/presentMeExm.app/$(BUNDLE_EXECUTABLE_FOLDER_PATH)/presentMeExm";
			};
			name = Release;
		};
		6669B94B2CA975E900F4EE94 /* Debug */ = {
			isa = XCBuildConfiguration;
			buildSettings = {
				ALWAYS_EMBED_SWIFT_STANDARD_LIBRARIES = YES;
				CODE_SIGN_STYLE = Automatic;
				CURRENT_PROJECT_VERSION = 1;
				GENERATE_INFOPLIST_FILE = YES;
				MARKETING_VERSION = 1.0;
				PRODUCT_BUNDLE_IDENTIFIER = w.presentMeExmUITests;
				PRODUCT_NAME = "$(TARGET_NAME)";
				SWIFT_EMIT_LOC_STRINGS = NO;
				SWIFT_VERSION = 5.0;
				TARGETED_DEVICE_FAMILY = "1,2";
				TEST_TARGET_NAME = presentMeExm;
			};
			name = Debug;
		};
		6669B94C2CA975E900F4EE94 /* Release */ = {
			isa = XCBuildConfiguration;
			buildSettings = {
				ALWAYS_EMBED_SWIFT_STANDARD_LIBRARIES = YES;
				CODE_SIGN_STYLE = Automatic;
				CURRENT_PROJECT_VERSION = 1;
				GENERATE_INFOPLIST_FILE = YES;
				MARKETING_VERSION = 1.0;
				PRODUCT_BUNDLE_IDENTIFIER = w.presentMeExmUITests;
				PRODUCT_NAME = "$(TARGET_NAME)";
				SWIFT_EMIT_LOC_STRINGS = NO;
				SWIFT_VERSION = 5.0;
				TARGETED_DEVICE_FAMILY = "1,2";
				TEST_TARGET_NAME = presentMeExm;
			};
			name = Release;
		};
/* End XCBuildConfiguration section */

/* Begin XCConfigurationList section */
		6669B91B2CA975E800F4EE94 /* Build configuration list for PBXProject "presentMeExm" */ = {
			isa = XCConfigurationList;
			buildConfigurations = (
				6669B9422CA975E900F4EE94 /* Debug */,
				6669B9432CA975E900F4EE94 /* Release */,
			);
			defaultConfigurationIsVisible = 0;
			defaultConfigurationName = Release;
		};
		6669B9442CA975E900F4EE94 /* Build configuration list for PBXNativeTarget "presentMeExm" */ = {
			isa = XCConfigurationList;
			buildConfigurations = (
				6669B9452CA975E900F4EE94 /* Debug */,
				6669B9462CA975E900F4EE94 /* Release */,
			);
			defaultConfigurationIsVisible = 0;
			defaultConfigurationName = Release;
		};
		6669B9472CA975E900F4EE94 /* Build configuration list for PBXNativeTarget "presentMeExmTests" */ = {
			isa = XCConfigurationList;
			buildConfigurations = (
				6669B9482CA975E900F4EE94 /* Debug */,
				6669B9492CA975E900F4EE94 /* Release */,
			);
			defaultConfigurationIsVisible = 0;
			defaultConfigurationName = Release;
		};
		6669B94A2CA975E900F4EE94 /* Build configuration list for PBXNativeTarget "presentMeExmUITests" */ = {
			isa = XCConfigurationList;
			buildConfigurations = (
				6669B94B2CA975E900F4EE94 /* Debug */,
				6669B94C2CA975E900F4EE94 /* Release */,
			);
			defaultConfigurationIsVisible = 0;
			defaultConfigurationName = Release;
		};
/* End XCConfigurationList section */
	};
	rootObject = 6669B9182CA975E800F4EE94 /* Project object */;
}
